
Microsoft Visual Studio Solution File, Format Version 12.00
# Visual Studio Version 17
VisualStudioVersion = 17.11.35327.3
MinimumVisualStudioVersion = 10.0.40219.1
Project("{2150E333-8FDC-42A3-9474-1A3956D46DE8}") = "Task0", "Task0", "{E7001269-5F74-4FFF-86FD-CD0C1ECFF4EC}"
EndProject
Project("{FAE04EC0-301F-11D3-BF4B-00C04F79EFBC}") = "Tyuiu.KardonKD.Sprint4.Task0.V23", "Tyuiu.KardonKD.Sprint4.Task0.V23\Tyuiu.KardonKD.Sprint4.Task0.V23.csproj", "{F9C9A599-C186-44ED-9D3B-266B279B0985}"
EndProject
Project("{FAE04EC0-301F-11D3-BF4B-00C04F79EFBC}") = "Tyuiu.KardonKD.Sprint4.Task0.V23.Test", "Tyuiu.KardonKD.Sprint4.Task0.V23.Test\Tyuiu.KardonKD.Sprint4.Task0.V23.Test.csproj", "{54E363D1-249B-48FE-96DE-930CF35CC42C}"
EndProject
Project("{FAE04EC0-301F-11D3-BF4B-00C04F79EFBC}") = "Tyuiu.KardonKD.Sprint4.Task0.V23.Lib", "Tyuiu.KardonKD.Sprint4.Task0.V23.Lib\Tyuiu.KardonKD.Sprint4.Task0.V23.Lib.csproj", "{290B1122-92DA-4EA4-A7A8-D0E6491FE814}"
EndProject
Project("{2150E333-8FDC-42A3-9474-1A3956D46DE8}") = "Task1", "Task1", "{5DFE7382-F429-4032-8C42-04963D261DE3}"
EndProject
Project("{FAE04EC0-301F-11D3-BF4B-00C04F79EFBC}") = "Tyuiu.KardonKD.Sprint4.Task1.V27.Lib", "Tyuiu.KardonKD.Sprint4.Task1.V27.Lib\Tyuiu.KardonKD.Sprint4.Task1.V27.Lib.csproj", "{2F81BDFB-A15E-4705-B3CF-4B0BEE71E08C}"
EndProject
Project("{FAE04EC0-301F-11D3-BF4B-00C04F79EFBC}") = "Tyuiu.KardonKD.Sprint4.Task1.V27.Test", "Tyuiu.KardonKD.Sprint4.Task1.V27.Test\Tyuiu.KardonKD.Sprint4.Task1.V27.Test.csproj", "{702CD122-7C27-4388-BA6F-EF80446F3DEC}"
EndProject
Project("{FAE04EC0-301F-11D3-BF4B-00C04F79EFBC}") = "Tyuiu.KardonKD.Sprint4.Task1.V27", "Tyuiu.KardonKD.Sprint4.Task1.V27\Tyuiu.KardonKD.Sprint4.Task1.V27.csproj", "{AB87C692-089C-4021-AE6D-278B98D9BA79}"
EndProject
Project("{2150E333-8FDC-42A3-9474-1A3956D46DE8}") = "Task2", "Task2", "{01D42A3C-E54D-4227-9D91-C8FF59CAD538}"
EndProject
Project("{FAE04EC0-301F-11D3-BF4B-00C04F79EFBC}") = "Tyuiu.KardonKD.Sprint4.Task2.V3.Lib", "Tyuiu.KordonKD.Sprint4.Task2.V3.Lib\Tyuiu.KardonKD.Sprint4.Task2.V3.Lib.csproj", "{ABD09F73-25E5-4C77-A32D-DDA162B12965}"
EndProject
Project("{2150E333-8FDC-42A3-9474-1A3956D46DE8}") = "Task3", "Task3", "{45D815C9-57BC-46B4-B6A4-5CE6EE797D9A}"
EndProject
Project("{FAE04EC0-301F-11D3-BF4B-00C04F79EFBC}") = "Tyuiu.KardonKD.Sprint4.Task2.V3.Test", "Tyuiu.KardonKD.Sprint4.Task2.V3.Test\Tyuiu.KardonKD.Sprint4.Task2.V3.Test.csproj", "{739B4173-5041-43B1-852C-097C7B7B0110}"
EndProject
Project("{FAE04EC0-301F-11D3-BF4B-00C04F79EFBC}") = "Tyuiu.KardonKD.Sprint4.Task2.V3", "Tyuiu.KardonKD.Sprint4.Task2.V3\Tyuiu.KardonKD.Sprint4.Task2.V3.csproj", "{93764E5C-227C-465E-85F1-9A10307ADD06}"
EndProject
Global
	GlobalSection(SolutionConfigurationPlatforms) = preSolution
		Debug|Any CPU = Debug|Any CPU
		Release|Any CPU = Release|Any CPU
	EndGlobalSection
	GlobalSection(ProjectConfigurationPlatforms) = postSolution
		{F9C9A599-C186-44ED-9D3B-266B279B0985}.Debug|Any CPU.ActiveCfg = Debug|Any CPU
		{F9C9A599-C186-44ED-9D3B-266B279B0985}.Debug|Any CPU.Build.0 = Debug|Any CPU
		{F9C9A599-C186-44ED-9D3B-266B279B0985}.Release|Any CPU.ActiveCfg = Release|Any CPU
		{F9C9A599-C186-44ED-9D3B-266B279B0985}.Release|Any CPU.Build.0 = Release|Any CPU
		{54E363D1-249B-48FE-96DE-930CF35CC42C}.Debug|Any CPU.ActiveCfg = Debug|Any CPU
		{54E363D1-249B-48FE-96DE-930CF35CC42C}.Debug|Any CPU.Build.0 = Debug|Any CPU
		{54E363D1-249B-48FE-96DE-930CF35CC42C}.Release|Any CPU.ActiveCfg = Release|Any CPU
		{54E363D1-249B-48FE-96DE-930CF35CC42C}.Release|Any CPU.Build.0 = Release|Any CPU
		{290B1122-92DA-4EA4-A7A8-D0E6491FE814}.Debug|Any CPU.ActiveCfg = Debug|Any CPU
		{290B1122-92DA-4EA4-A7A8-D0E6491FE814}.Debug|Any CPU.Build.0 = Debug|Any CPU
		{290B1122-92DA-4EA4-A7A8-D0E6491FE814}.Release|Any CPU.ActiveCfg = Release|Any CPU
		{290B1122-92DA-4EA4-A7A8-D0E6491FE814}.Release|Any CPU.Build.0 = Release|Any CPU
		{2F81BDFB-A15E-4705-B3CF-4B0BEE71E08C}.Debug|Any CPU.ActiveCfg = Debug|Any CPU
		{2F81BDFB-A15E-4705-B3CF-4B0BEE71E08C}.Debug|Any CPU.Build.0 = Debug|Any CPU
		{2F81BDFB-A15E-4705-B3CF-4B0BEE71E08C}.Release|Any CPU.ActiveCfg = Release|Any CPU
		{2F81BDFB-A15E-4705-B3CF-4B0BEE71E08C}.Release|Any CPU.Build.0 = Release|Any CPU
		{702CD122-7C27-4388-BA6F-EF80446F3DEC}.Debug|Any CPU.ActiveCfg = Debug|Any CPU
		{702CD122-7C27-4388-BA6F-EF80446F3DEC}.Debug|Any CPU.Build.0 = Debug|Any CPU
		{702CD122-7C27-4388-BA6F-EF80446F3DEC}.Release|Any CPU.ActiveCfg = Release|Any CPU
		{702CD122-7C27-4388-BA6F-EF80446F3DEC}.Release|Any CPU.Build.0 = Release|Any CPU
		{AB87C692-089C-4021-AE6D-278B98D9BA79}.Debug|Any CPU.ActiveCfg = Debug|Any CPU
		{AB87C692-089C-4021-AE6D-278B98D9BA79}.Debug|Any CPU.Build.0 = Debug|Any CPU
		{AB87C692-089C-4021-AE6D-278B98D9BA79}.Release|Any CPU.ActiveCfg = Release|Any CPU
		{AB87C692-089C-4021-AE6D-278B98D9BA79}.Release|Any CPU.Build.0 = Release|Any CPU
		{ABD09F73-25E5-4C77-A32D-DDA162B12965}.Debug|Any CPU.ActiveCfg = Debug|Any CPU
		{ABD09F73-25E5-4C77-A32D-DDA162B12965}.Debug|Any CPU.Build.0 = Debug|Any CPU
		{ABD09F73-25E5-4C77-A32D-DDA162B12965}.Release|Any CPU.ActiveCfg = Release|Any CPU
		{ABD09F73-25E5-4C77-A32D-DDA162B12965}.Release|Any CPU.Build.0 = Release|Any CPU
		{739B4173-5041-43B1-852C-097C7B7B0110}.Debug|Any CPU.ActiveCfg = Debug|Any CPU
		{739B4173-5041-43B1-852C-097C7B7B0110}.Debug|Any CPU.Build.0 = Debug|Any CPU
		{739B4173-5041-43B1-852C-097C7B7B0110}.Release|Any CPU.ActiveCfg = Release|Any CPU
		{739B4173-5041-43B1-852C-097C7B7B0110}.Release|Any CPU.Build.0 = Release|Any CPU
		{93764E5C-227C-465E-85F1-9A10307ADD06}.Debug|Any CPU.ActiveCfg = Debug|Any CPU
		{93764E5C-227C-465E-85F1-9A10307ADD06}.Debug|Any CPU.Build.0 = Debug|Any CPU
		{93764E5C-227C-465E-85F1-9A10307ADD06}.Release|Any CPU.ActiveCfg = Release|Any CPU
		{93764E5C-227C-465E-85F1-9A10307ADD06}.Release|Any CPU.Build.0 = Release|Any CPU
	EndGlobalSection
	GlobalSection(SolutionProperties) = preSolution
		HideSolutionNode = FALSE
	EndGlobalSection
	GlobalSection(NestedProjects) = preSolution
		{F9C9A599-C186-44ED-9D3B-266B279B0985} = {E7001269-5F74-4FFF-86FD-CD0C1ECFF4EC}
		{54E363D1-249B-48FE-96DE-930CF35CC42C} = {E7001269-5F74-4FFF-86FD-CD0C1ECFF4EC}
		{290B1122-92DA-4EA4-A7A8-D0E6491FE814} = {E7001269-5F74-4FFF-86FD-CD0C1ECFF4EC}
		{2F81BDFB-A15E-4705-B3CF-4B0BEE71E08C} = {5DFE7382-F429-4032-8C42-04963D261DE3}
		{702CD122-7C27-4388-BA6F-EF80446F3DEC} = {5DFE7382-F429-4032-8C42-04963D261DE3}
		{AB87C692-089C-4021-AE6D-278B98D9BA79} = {5DFE7382-F429-4032-8C42-04963D261DE3}
		{ABD09F73-25E5-4C77-A32D-DDA162B12965} = {01D42A3C-E54D-4227-9D91-C8FF59CAD538}
		{739B4173-5041-43B1-852C-097C7B7B0110} = {01D42A3C-E54D-4227-9D91-C8FF59CAD538}
		{93764E5C-227C-465E-85F1-9A10307ADD06} = {01D42A3C-E54D-4227-9D91-C8FF59CAD538}
	EndGlobalSection
	GlobalSection(ExtensibilityGlobals) = postSolution
		SolutionGuid = {97931D3E-B967-4ED4-8B12-BE096F3AD9DA}
	EndGlobalSection
EndGlobal
